// !$*UTF8*$!
{
	archiveVersion = 1;
	classes = {
	};
	objectVersion = 46;
	objects = {

/* Begin PBXBuildFile section */
		E10604761C8698C00017A469 /* main.m in Sources */ = {isa = PBXBuildFile; fileRef = E10604751C8698C00017A469 /* main.m */; };
		E10604791C8698C00017A469 /* AppDelegate.m in Sources */ = {isa = PBXBuildFile; fileRef = E10604781C8698C00017A469 /* AppDelegate.m */; };
		E106047C1C8698C00017A469 /* ViewController.m in Sources */ = {isa = PBXBuildFile; fileRef = E106047B1C8698C00017A469 /* ViewController.m */; };
		E106047F1C8698C00017A469 /* Main.storyboard in Resources */ = {isa = PBXBuildFile; fileRef = E106047D1C8698C00017A469 /* Main.storyboard */; };
		E10604811C8698C00017A469 /* Assets.xcassets in Resources */ = {isa = PBXBuildFile; fileRef = E10604801C8698C00017A469 /* Assets.xcassets */; };
		E10604841C8698C00017A469 /* LaunchScreen.storyboard in Resources */ = {isa = PBXBuildFile; fileRef = E10604821C8698C00017A469 /* LaunchScreen.storyboard */; };
/* End PBXBuildFile section */

/* Begin PBXFileReference section */
		E10604711C8698C00017A469 /* LiveVideo.app */ = {isa = PBXFileReference; explicitFileType = wrapper.application; includeInIndex = 0; path = LiveVideo.app; sourceTree = BUILT_PRODUCTS_DIR; };
		E10604751C8698C00017A469 /* main.m */ = {isa = PBXFileReference; lastKnownFileType = sourcecode.c.objc; path = main.m; sourceTree = "<group>"; };
		E10604771C8698C00017A469 /* AppDelegate.h */ = {isa = PBXFileReference; lastKnownFileType = sourcecode.c.h; path = AppDelegate.h; sourceTree = "<group>"; };
		E10604781C8698C00017A469 /* AppDelegate.m */ = {isa = PBXFileReference; lastKnownFileType = sourcecode.c.objc; path = AppDelegate.m; sourceTree = "<group>"; };
		E106047A1C8698C00017A469 /* ViewController.h */ = {isa = PBXFileReference; lastKnownFileType = sourcecode.c.h; path = ViewController.h; sourceTree = "<group>"; };
		E106047B1C8698C00017A469 /* ViewController.m */ = {isa = PBXFileReference; lastKnownFileType = sourcecode.c.objc; path = ViewController.m; sourceTree = "<group>"; };
		E106047E1C8698C00017A469 /* Base */ = {isa = PBXFileReference; lastKnownFileType = file.storyboard; name = Base; path = Base.lproj/Main.storyboard; sourceTree = "<group>"; };
		E10604801C8698C00017A469 /* Assets.xcassets */ = {isa = PBXFileReference; lastKnownFileType = folder.assetcatalog; path = Assets.xcassets; sourceTree = "<group>"; };
		E10604831C8698C00017A469 /* Base */ = {isa = PBXFileReference; lastKnownFileType = file.storyboard; name = Base; path = Base.lproj/LaunchScreen.storyboard; sourceTree = "<group>"; };
		E10604851C8698C00017A469 /* Info.plist */ = {isa = PBXFileReference; lastKnownFileType = text.plist.xml; path = Info.plist; sourceTree = "<group>"; };
/* End PBXFileReference section */

/* Begin PBXFrameworksBuildPhase section */
		E106046E1C8698C00017A469 /* Frameworks */ = {
			isa = PBXFrameworksBuildPhase;
			buildActionMask = 2147483647;
			files = (
			);
			runOnlyForDeploymentPostprocessing = 0;
		};
/* End PBXFrameworksBuildPhase section */

/* Begin PBXGroup section */
		E10604681C8698C00017A469 = {
			isa = PBXGroup;
			children = (
				E10604731C8698C00017A469 /* LiveVideo */,
				E10604721C8698C00017A469 /* Products */,
			);
			sourceTree = "<group>";
		};
		E10604721C8698C00017A469 /* Products */ = {
			isa = PBXGroup;
			children = (
				E10604711C8698C00017A469 /* LiveVideo.app */,
			);
			name = Products;
			sourceTree = "<group>";
		};
		E10604731C8698C00017A469 /* LiveVideo */ = {
			isa = PBXGroup;
			children = (
				E10604771C8698C00017A469 /* AppDelegate.h */,
				E10604781C8698C00017A469 /* AppDelegate.m */,
				E106047A1C8698C00017A469 /* ViewController.h */,
				E106047B1C8698C00017A469 /* ViewController.m */,
				E106047D1C8698C00017A469 /* Main.storyboard */,
				E10604801C8698C00017A469 /* Assets.xcassets */,
				E10604821C8698C00017A469 /* LaunchScreen.storyboard */,
				E10604851C8698C00017A469 /* Info.plist */,
				E10604741C8698C00017A469 /* Supporting Files */,
			);
			path = LiveVideo;
			sourceTree = "<group>";
		};
		E10604741C8698C00017A469 /* Supporting Files */ = {
			isa = PBXGroup;
			children = (
				E10604751C8698C00017A469 /* main.m */,
			);
			name = "Supporting Files";
			sourceTree = "<group>";
		};
/* End PBXGroup section */

/* Begin PBXNativeTarget section */
		E10604701C8698C00017A469 /* LiveVideo */ = {
			isa = PBXNativeTarget;
			buildConfigurationList = E10604881C8698C00017A469 /* Build configuration list for PBXNativeTarget "LiveVideo" */;
			buildPhases = (
				E106046D1C8698C00017A469 /* Sources */,
				E106046E1C8698C00017A469 /* Frameworks */,
				E106046F1C8698C00017A469 /* Resources */,
			);
			buildRules = (
			);
			dependencies = (
			);
			name = LiveVideo;
			productName = LiveVideo;
			productReference = E10604711C8698C00017A469 /* LiveVideo.app */;
			productType = "com.apple.product-type.application";
		};
/* End PBXNativeTarget section */

/* Begin PBXProject section */
		E10604691C8698C00017A469 /* Project object */ = {
			isa = PBXProject;
			attributes = {
				LastUpgradeCheck = 0720;
				ORGANIZATIONNAME = SongWentong;
				TargetAttributes = {
					E10604701C8698C00017A469 = {
						CreatedOnToolsVersion = 7.2;
					};
				};
			};
			buildConfigurationList = E106046C1C8698C00017A469 /* Build configuration list for PBXProject "LiveVideo" */;
			compatibilityVersion = "Xcode 3.2";
			developmentRegion = English;
			hasScannedForEncodings = 0;
			knownRegions = (
				en,
				Base,
			);
			mainGroup = E10604681C8698C00017A469;
			productRefGroup = E10604721C8698C00017A469 /* Products */;
			projectDirPath = "";
			projectRoot = "";
			targets = (
				E10604701C8698C00017A469 /* LiveVideo */,
			);
		};
/* End PBXProject section */

/* Begin PBXResourcesBuildPhase section */
		E106046F1C8698C00017A469 /* Resources */ = {
			isa = PBXResourcesBuildPhase;
			buildActionMask = 2147483647;
			files = (
				E10604841C8698C00017A469 /* LaunchScreen.storyboard in Resources */,
				E10604811C8698C00017A469 /* Assets.xcassets in Resources */,
				E106047F1C8698C00017A469 /* Main.storyboard in Resources */,
			);
			runOnlyForDeploymentPostprocessing = 0;
		};
/* End PBXResourcesBuildPhase section */

/* Begin PBXSourcesBuildPhase section */
		E106046D1C8698C00017A469 /* Sources */ = {
			isa = PBXSourcesBuildPhase;
			buildActionMask = 2147483647;
			files = (
				E106047C1C8698C00017A469 /* ViewController.m in Sources */,
				E10604791C8698C00017A469 /* AppDelegate.m in Sources */,
				E10604761C8698C00017A469 /* main.m in Sources */,
			);
			runOnlyForDeploymentPostprocessing = 0;
		};
/* End PBXSourcesBuildPhase section */

/* Begin PBXVariantGroup section */
		E106047D1C8698C00017A469 /* Main.storyboard */ = {
			isa = PBXVariantGroup;
			children = (
				E106047E1C8698C00017A469 /* Base */,
			);
			name = Main.storyboard;
			sourceTree = "<group>";
		};
		E10604821C8698C00017A469 /* LaunchScreen.storyboard */ = {
			isa = PBXVariantGroup;
			children = (
				E10604831C8698C00017A469 /* Base */,
			);
			name = LaunchScreen.storyboard;
			sourceTree = "<group>";
		};
/* End PBXVariantGroup section */

/* Begin XCBuildConfiguration section */
		E10604861C8698C00017A469 /* Debug */ = {
			isa = XCBuildConfiguration;
			buildSettings = {
				ALWAYS_SEARCH_USER_PATHS = NO;
				CLANG_CXX_LANGUAGE_STANDARD = "gnu++0x";
				CLANG_CXX_LIBRARY = "libc++";
				CLANG_ENABLE_MODULES = YES;
				CLANG_ENABLE_OBJC_ARC = YES;
				CLANG_WARN_BOOL_CONVERSION = YES;
				CLANG_WARN_CONSTANT_CONVERSION = YES;
				CLANG_WARN_DIRECT_OBJC_ISA_USAGE = YES_ERROR;
				CLANG_WARN_EMPTY_BODY = YES;
				CLANG_WARN_ENUM_CONVERSION = YES;
				CLANG_WARN_INT_CONVERSION = YES;
				CLANG_WARN_OBJC_ROOT_CLASS = YES_ERROR;
				CLANG_WARN_UNREACHABLE_CODE = YES;
				CLANG_WARN__DUPLICATE_METHOD_MATCH = YES;
				"CODE_SIGN_IDENTITY[sdk=iphoneos*]" = "iPhone Developer";
				COPY_PHASE_STRIP = NO;
				DEBUG_INFORMATION_FORMAT = dwarf;
				ENABLE_STRICT_OBJC_MSGSEND = YES;
				ENABLE_TESTABILITY = YES;
				GCC_C_LANGUAGE_STANDARD = gnu99;
				GCC_DYNAMIC_NO_PIC = NO;
				GCC_NO_COMMON_BLOCKS = YES;
				GCC_OPTIMIZATION_LEVEL = 0;
				GCC_PREPROCESSOR_DEFINITIONS = (
					"DEBUG=1",
					"$(inherited)",
				);
				GCC_WARN_64_TO_32_BIT_CONVERSION = YES;
				GCC_WARN_ABOUT_RETURN_TYPE = YES_ERROR;
				GCC_WARN_UNDECLARED_SELECTOR = YES;
				GCC_WARN_UNINITIALIZED_AUTOS = YES_AGGRESSIVE;
				GCC_WARN_UNUSED_FUNCTION = YES;
				GCC_WARN_UNUSED_VARIABLE = YES;
				IPHONEOS_DEPLOYMENT_TARGET = 9.2;
				MTL_ENABLE_DEBUG_INFO = YES;
				ONLY_ACTIVE_ARCH = YES;
				SDKROOT = iphoneos;
				TARGETED_DEVICE_FAMILY = "1,2";
			};
			name = Debug;
		};
		E10604871C8698C00017A469 /* Release */ = {
			isa = XCBuildConfiguration;
			buildSettings = {
				ALWAYS_SEARCH_USER_PATHS = NO;
				CLANG_CXX_LANGUAGE_STANDARD = "gnu++0x";
				CLANG_CXX_LIBRARY = "libc++";
				CLANG_ENABLE_MODULES = YES;
				CLANG_ENABLE_OBJC_ARC = YES;
				CLANG_WARN_BOOL_CONVERSION = YES;
				CLANG_WARN_CONSTANT_CONVERSION = YES;
				CLANG_WARN_DIRECT_OBJC_ISA_USAGE = YES_ERROR;
				CLANG_WARN_EMPTY_BODY = YES;
				CLANG_WARN_ENUM_CONVERSION = YES;
				CLANG_WARN_INT_CONVERSION = YES;
				CLANG_WARN_OBJC_ROOT_CLASS = YES_ERROR;
				CLANG_WARN_UNREACHABLE_CODE = YES;
				CLANG_WARN__DUPLICATE_METHOD_MATCH = YES;
				"CODE_SIGN_IDENTITY[sdk=iphoneos*]" = "iPhone Developer";
				COPY_PHASE_STRIP = NO;
				DEBUG_INFORMATION_FORMAT = "dwarf-with-dsym";
				ENABLE_NS_ASSERTIONS = NO;
				ENABLE_STRICT_OBJC_MSGSEND = YES;
				GCC_C_LANGUAGE_STANDARD = gnu99;
				GCC_NO_COMMON_BLOCKS = YES;
				GCC_WARN_64_TO_32_BIT_CONVERSION = YES;
				GCC_WARN_ABOUT_RETURN_TYPE = YES_ERROR;
				GCC_WARN_UNDECLARED_SELECTOR = YES;
				GCC_WARN_UNINITIALIZED_AUTOS = YES_AGGRESSIVE;
				GCC_WARN_UNUSED_FUNCTION = YES;
				GCC_WARN_UNUSED_VARIABLE = YES;
				IPHONEOS_DEPLOYMENT_TARGET = 9.2;
				MTL_ENABLE_DEBUG_INFO = NO;
				SDKROOT = iphoneos;
				TARGETED_DEVICE_FAMILY = "1,2";
				VALIDATE_PRODUCT = YES;
			};
			name = Release;
		};
		E10604891C8698C00017A469 /* Debug */ = {
			isa = XCBuildConfiguration;
			buildSettings = {
				ASSETCATALOG_COMPILER_APPICON_NAME = AppIcon;
				INFOPLIST_FILE = LiveVideo/Info.plist;
				LD_RUNPATH_SEARCH_PATHS = "$(inherited) @executable_path/Frameworks";
				PRODUCT_BUNDLE_IDENTIFIER = com.mike.LiveVideo;
				PRODUCT_NAME = "$(TARGET_NAME)";
			};
			name = Debug;
		};
		E106048A1C8698C00017A469 /* Release */ = {
			isa = XCBuildConfiguration;
			buildSettings = {
				ASSETCATALOG_COMPILER_APPICON_NAME = AppIcon;
				INFOPLIST_FILE = LiveVideo/Info.plist;
				LD_RUNPATH_SEARCH_PATHS = "$(inherited) @executable_path/Frameworks";
				PRODUCT_BUNDLE_IDENTIFIER = com.mike.LiveVideo;
				PRODUCT_NAME = "$(TARGET_NAME)";
			};
			name = Release;
		};
/* End XCBuildConfiguration section */

/* Begin XCConfigurationList section */
		E106046C1C8698C00017A469 /* Build configuration list for PBXProject "LiveVideo" */ = {
			isa = XCConfigurationList;
			buildConfigurations = (
				E10604861C8698C00017A469 /* Debug */,
				E10604871C8698C00017A469 /* Release */,
			);
			defaultConfigurationIsVisible = 0;
			defaultConfigurationName = Release;
		};
		E10604881C8698C00017A469 /* Build configuration list for PBXNativeTarget "LiveVideo" */ = {
			isa = XCConfigurationList;
			buildConfigurations = (
				E10604891C8698C00017A469 /* Debug */,
				E106048A1C8698C00017A469 /* Release */,
			);
			defaultConfigurationIsVisible = 0;
		};
/* End XCConfigurationList section */
	};
	rootObject = E10604691C8698C00017A469 /* Project object */;
}
